dependencies:
  espressif/esp-dsp:
    component_hash: 46498b4973097cac29cfc6a692abef44375ffb7b00b73b3f354124efc626a154
    dependencies:
    - name: idf
      require: private
      version: '>=4.2'
    source:
      registry_url: https://components.espressif.com/
      type: service
    version: 1.4.10
  idf:
    source:
      type: idf
    version: 5.5.1
direct_dependencies:
- espressif/esp-dsp
- idf
manifest_hash: 6d087b6229aae7d8577b476795fd9d6dd79b6fde8e22728d4e81201b8813a3f7
target: esp32c3
version: 2.0.0
